{
  "version": 4,
  "terraform_version": "1.1.8",
  "serial": 440,
  "lineage": "e0752a04-6537-89d8-3fea-2f35020105fb",
  "outputs": {
    "db-address": {
      "value": "ashdb.c7rhs0tcipxc.us-east-1.rds.amazonaws.com",
      "type": "string"
    },
    "db-arn": {
      "value": "arn:aws:rds:us-east-1:619680930396:db:ashdb",
      "type": "string"
    },
    "db-endpoint": {
      "value": "ashdb.c7rhs0tcipxc.us-east-1.rds.amazonaws.com:3306",
      "type": "string"
    },
    "db-hosted_zone_id": {
      "value": "Z2R2ITUGPM61AM",
      "type": "string"
    },
    "db-id": {
      "value": "ashdb",
      "type": "string"
    },
    "db-name": {
      "value": "ashdb",
      "type": "string"
    },
    "db-port": {
      "value": 3306,
      "type": "number"
    }
  },
  "resources": [
    {
      "mode": "managed",
      "type": "aws_db_instance",
      "name": "ash-db",
      "provider": "provider[\"registry.terraform.io/hashicorp/aws\"]",
      "instances": [
        {
          "schema_version": 1,
          "attributes": {
            "address": "ashdb.c7rhs0tcipxc.us-east-1.rds.amazonaws.com",
            "allocated_storage": 100,
            "allow_major_version_upgrade": null,
            "apply_immediately": null,
            "arn": "arn:aws:rds:us-east-1:619680930396:db:ashdb",
            "auto_minor_version_upgrade": true,
            "availability_zone": "us-east-1b",
            "backup_retention_period": 0,
            "backup_window": "07:56-08:26",
            "ca_cert_identifier": "rds-ca-2019",
            "character_set_name": "",
            "copy_tags_to_snapshot": false,
            "customer_owned_ip_enabled": false,
            "db_subnet_group_name": "db-subnet",
            "delete_automated_backups": true,
            "deletion_protection": false,
            "domain": "",
            "domain_iam_role_name": "",
            "enabled_cloudwatch_logs_exports": null,
            "endpoint": "ashdb.c7rhs0tcipxc.us-east-1.rds.amazonaws.com:3306",
            "engine": "mysql",
            "engine_version": "8.0",
            "engine_version_actual": "8.0.28",
            "final_snapshot_identifier": null,
            "hosted_zone_id": "Z2R2ITUGPM61AM",
            "iam_database_authentication_enabled": false,
            "id": "ashdb",
            "identifier": "ashdb",
            "identifier_prefix": null,
            "instance_class": "db.t2.micro",
            "iops": 0,
            "kms_key_id": "",
            "latest_restorable_time": "0001-01-01T00:00:00Z",
            "license_model": "general-public-license",
            "maintenance_window": "fri:07:01-fri:07:31",
            "max_allocated_storage": 0,
            "monitoring_interval": 0,
            "monitoring_role_arn": "",
            "multi_az": false,
            "name": "ashdb",
            "nchar_character_set_name": "",
            "option_group_name": "default:mysql-8-0",
            "parameter_group_name": "rds-pg",
            "password": "Ash-RDS-DB-PW",
            "performance_insights_enabled": false,
            "performance_insights_kms_key_id": "",
            "performance_insights_retention_period": 0,
            "port": 3306,
            "publicly_accessible": false,
            "replica_mode": "",
            "replicas": [],
            "replicate_source_db": "",
            "resource_id": "db-WNTSXUULWSHYXEXD5SDJ4LPV3Q",
            "restore_to_point_in_time": [],
            "s3_import": [],
            "security_group_names": null,
            "skip_final_snapshot": true,
            "snapshot_identifier": null,
            "status": "available",
            "storage_encrypted": false,
            "storage_type": "gp2",
            "tags": null,
            "tags_all": {},
            "timeouts": null,
            "timezone": "",
            "username": "root",
            "vpc_security_group_ids": [
              "sg-0c98e17a8d78a724b"
            ]
          },
          "sensitive_attributes": [],
          "private": "eyJlMmJmYjczMC1lY2FhLTExZTYtOGY4OC0zNDM2M2JjN2M0YzAiOnsiY3JlYXRlIjoyNDAwMDAwMDAwMDAwLCJkZWxldGUiOjM2MDAwMDAwMDAwMDAsInVwZGF0ZSI6NDgwMDAwMDAwMDAwMH0sInNjaGVtYV92ZXJzaW9uIjoiMSJ9",
          "dependencies": [
            "aws_db_parameter_group.dbparameter",
            "aws_db_subnet_group.dbsubnet",
            "aws_security_group.rdssg",
            "module.VPC_Module.aws_subnet.private1",
            "module.VPC_Module.aws_subnet.private2",
            "module.VPC_Module.aws_vpc.main"
          ]
        }
      ]
    },
    {
      "mode": "managed",
      "type": "aws_db_parameter_group",
      "name": "dbparameter",
      "provider": "provider[\"registry.terraform.io/hashicorp/aws\"]",
      "instances": [
        {
          "schema_version": 0,
          "attributes": {
            "arn": "arn:aws:rds:us-east-1:619680930396:pg:rds-pg",
            "description": "Managed by Terraform",
            "family": "mysql8.0",
            "id": "rds-pg",
            "name": "rds-pg",
            "name_prefix": null,
            "parameter": [
              {
                "apply_method": "immediate",
                "name": "character_set_client",
                "value": "utf8"
              },
              {
                "apply_method": "immediate",
                "name": "character_set_server",
                "value": "utf8"
              }
            ],
            "tags": null,
            "tags_all": {}
          },
          "sensitive_attributes": [],
          "private": "bnVsbA=="
        }
      ]
    },
    {
      "mode": "managed",
      "type": "aws_db_subnet_group",
      "name": "dbsubnet",
      "provider": "provider[\"registry.terraform.io/hashicorp/aws\"]",
      "instances": [
        {
          "schema_version": 0,
          "attributes": {
            "arn": "arn:aws:rds:us-east-1:619680930396:subgrp:db-subnet",
            "description": "Managed by Terraform",
            "id": "db-subnet",
            "name": "db-subnet",
            "name_prefix": null,
            "subnet_ids": [
              "subnet-02ca5aff09a83ff66",
              "subnet-0490820e59cc0c140"
            ],
            "tags": {
              "Name": "DB subnet group"
            },
            "tags_all": {
              "Name": "DB subnet group"
            }
          },
          "sensitive_attributes": [],
          "private": "bnVsbA==",
          "dependencies": [
            "module.VPC_Module.aws_subnet.private1",
            "module.VPC_Module.aws_subnet.private2",
            "module.VPC_Module.aws_vpc.main"
          ]
        }
      ]
    },
    {
      "mode": "managed",
      "type": "aws_security_group",
      "name": "ec2sg",
      "provider": "provider[\"registry.terraform.io/hashicorp/aws\"]",
      "instances": [
        {
          "schema_version": 1,
          "attributes": {
            "arn": "arn:aws:ec2:us-east-1:619680930396:security-group/sg-0ec7e00a672fab317",
            "description": "Access in/out of the EC2 instance",
            "egress": [
              {
                "cidr_blocks": [
                  "0.0.0.0/0"
                ],
                "description": "",
                "from_port": 0,
                "ipv6_cidr_blocks": [],
                "prefix_list_ids": [],
                "protocol": "-1",
                "security_groups": [],
                "self": false,
                "to_port": 0
              }
            ],
            "id": "sg-0ec7e00a672fab317",
            "ingress": [
              {
                "cidr_blocks": [
                  "0.0.0.0/0"
                ],
                "description": "",
                "from_port": 0,
                "ipv6_cidr_blocks": [],
                "prefix_list_ids": [],
                "protocol": "-1",
                "security_groups": [],
                "self": false,
                "to_port": 0
              }
            ],
            "name": "EC2 Security Group",
            "name_prefix": "",
            "owner_id": "619680930396",
            "revoke_rules_on_delete": false,
            "tags": null,
            "tags_all": {},
            "timeouts": null,
            "vpc_id": "vpc-0d84056cb75b7e72f"
          },
          "sensitive_attributes": [],
          "private": "eyJlMmJmYjczMC1lY2FhLTExZTYtOGY4OC0zNDM2M2JjN2M0YzAiOnsiY3JlYXRlIjo2MDAwMDAwMDAwMDAsImRlbGV0ZSI6OTAwMDAwMDAwMDAwfSwic2NoZW1hX3ZlcnNpb24iOiIxIn0=",
          "dependencies": [
            "module.VPC_Module.aws_vpc.main"
          ]
        }
      ]
    },
    {
      "mode": "managed",
      "type": "aws_security_group",
      "name": "rdssg",
      "provider": "provider[\"registry.terraform.io/hashicorp/aws\"]",
      "instances": [
        {
          "schema_version": 1,
          "attributes": {
            "arn": "arn:aws:ec2:us-east-1:619680930396:security-group/sg-0c98e17a8d78a724b",
            "description": "allow IB/OB access to the database",
            "egress": [
              {
                "cidr_blocks": [
                  "10.0.0.0/16"
                ],
                "description": "",
                "from_port": 0,
                "ipv6_cidr_blocks": [],
                "prefix_list_ids": [],
                "protocol": "-1",
                "security_groups": [],
                "self": false,
                "to_port": 0
              }
            ],
            "id": "sg-0c98e17a8d78a724b",
            "ingress": [
              {
                "cidr_blocks": [
                  "10.0.0.0/16"
                ],
                "description": "",
                "from_port": 0,
                "ipv6_cidr_blocks": [],
                "prefix_list_ids": [],
                "protocol": "-1",
                "security_groups": [],
                "self": false,
                "to_port": 0
              }
            ],
            "name": "RDS Security Group",
            "name_prefix": "",
            "owner_id": "619680930396",
            "revoke_rules_on_delete": false,
            "tags": {
              "Name": "DB security group"
            },
            "tags_all": {
              "Name": "DB security group"
            },
            "timeouts": null,
            "vpc_id": "vpc-0d84056cb75b7e72f"
          },
          "sensitive_attributes": [],
          "private": "eyJlMmJmYjczMC1lY2FhLTExZTYtOGY4OC0zNDM2M2JjN2M0YzAiOnsiY3JlYXRlIjo2MDAwMDAwMDAwMDAsImRlbGV0ZSI6OTAwMDAwMDAwMDAwfSwic2NoZW1hX3ZlcnNpb24iOiIxIn0=",
          "dependencies": [
            "module.VPC_Module.aws_vpc.main"
          ]
        }
      ]
    },
    {
      "module": "module.VPC_Module",
      "mode": "managed",
      "type": "aws_eip",
      "name": "gw",
      "provider": "module.VPC_Module.provider[\"registry.terraform.io/hashicorp/aws\"]",
      "instances": [
        {
          "schema_version": 0,
          "attributes": {
            "address": null,
            "allocation_id": "eipalloc-012018eaf13e2e021",
            "associate_with_private_ip": null,
            "association_id": "",
            "carrier_ip": "",
            "customer_owned_ip": "",
            "customer_owned_ipv4_pool": "",
            "domain": "vpc",
            "id": "eipalloc-012018eaf13e2e021",
            "instance": "",
            "network_border_group": "us-east-1",
            "network_interface": "",
            "private_dns": null,
            "private_ip": "",
            "public_dns": "ec2-35-174-65-101.compute-1.amazonaws.com",
            "public_ip": "35.174.65.101",
            "public_ipv4_pool": "amazon",
            "tags": {
              "Name": "Ash-EIP"
            },
            "tags_all": {
              "Name": "Ash-EIP"
            },
            "timeouts": null,
            "vpc": true
          },
          "sensitive_attributes": [],
          "private": "eyJlMmJmYjczMC1lY2FhLTExZTYtOGY4OC0zNDM2M2JjN2M0YzAiOnsiZGVsZXRlIjoxODAwMDAwMDAwMDAsInJlYWQiOjkwMDAwMDAwMDAwMCwidXBkYXRlIjozMDAwMDAwMDAwMDB9fQ==",
          "dependencies": [
            "module.VPC_Module.aws_internet_gateway.igw",
            "module.VPC_Module.aws_vpc.main"
          ]
        }
      ]
    },
    {
      "module": "module.VPC_Module",
      "mode": "managed",
      "type": "aws_internet_gateway",
      "name": "igw",
      "provider": "module.VPC_Module.provider[\"registry.terraform.io/hashicorp/aws\"]",
      "instances": [
        {
          "schema_version": 0,
          "attributes": {
            "arn": "arn:aws:ec2:us-east-1:619680930396:internet-gateway/igw-07308a80610435d2f",
            "id": "igw-07308a80610435d2f",
            "owner_id": "619680930396",
            "tags": {
              "Name": "Ash-IGW"
            },
            "tags_all": {
              "Name": "Ash-IGW"
            },
            "vpc_id": "vpc-0d84056cb75b7e72f"
          },
          "sensitive_attributes": [],
          "private": "bnVsbA==",
          "dependencies": [
            "module.VPC_Module.aws_vpc.main"
          ]
        }
      ]
    },
    {
      "module": "module.VPC_Module",
      "mode": "managed",
      "type": "aws_nat_gateway",
      "name": "gw",
      "provider": "module.VPC_Module.provider[\"registry.terraform.io/hashicorp/aws\"]",
      "instances": [
        {
          "schema_version": 0,
          "attributes": {
            "allocation_id": "eipalloc-012018eaf13e2e021",
            "connectivity_type": "public",
            "id": "nat-06f927ba167ec78a3",
            "network_interface_id": "eni-0bee5bc6a878621b6",
            "private_ip": "10.0.3.47",
            "public_ip": "35.174.65.101",
            "subnet_id": "subnet-01467ac20acd2f0c3",
            "tags": {
              "Name": "Ash-NAT"
            },
            "tags_all": {
              "Name": "Ash-NAT"
            }
          },
          "sensitive_attributes": [],
          "private": "bnVsbA==",
          "dependencies": [
            "module.VPC_Module.aws_eip.gw",
            "module.VPC_Module.aws_internet_gateway.igw",
            "module.VPC_Module.aws_subnet.public",
            "module.VPC_Module.aws_vpc.main"
          ]
        }
      ]
    },
    {
      "module": "module.VPC_Module",
      "mode": "managed",
      "type": "aws_route",
      "name": "route-public",
      "provider": "module.VPC_Module.provider[\"registry.terraform.io/hashicorp/aws\"]",
      "instances": [
        {
          "schema_version": 0,
          "attributes": {
            "carrier_gateway_id": "",
            "destination_cidr_block": "0.0.0.0/0",
            "destination_ipv6_cidr_block": "",
            "destination_prefix_list_id": "",
            "egress_only_gateway_id": "",
            "gateway_id": "igw-07308a80610435d2f",
            "id": "r-rtb-076fd6d01e5f610431080289494",
            "instance_id": "",
            "instance_owner_id": "",
            "local_gateway_id": "",
            "nat_gateway_id": "",
            "network_interface_id": "",
            "origin": "CreateRoute",
            "route_table_id": "rtb-076fd6d01e5f61043",
            "state": "active",
            "timeouts": null,
            "transit_gateway_id": "",
            "vpc_endpoint_id": "",
            "vpc_peering_connection_id": ""
          },
          "sensitive_attributes": [],
          "private": "eyJlMmJmYjczMC1lY2FhLTExZTYtOGY4OC0zNDM2M2JjN2M0YzAiOnsiY3JlYXRlIjozMDAwMDAwMDAwMDAsImRlbGV0ZSI6MzAwMDAwMDAwMDAwLCJ1cGRhdGUiOjEyMDAwMDAwMDAwMH19",
          "dependencies": [
            "module.VPC_Module.aws_internet_gateway.igw",
            "module.VPC_Module.aws_vpc.main"
          ]
        }
      ]
    },
    {
      "module": "module.VPC_Module",
      "mode": "managed",
      "type": "aws_route_table",
      "name": "private",
      "provider": "module.VPC_Module.provider[\"registry.terraform.io/hashicorp/aws\"]",
      "instances": [
        {
          "schema_version": 0,
          "attributes": {
            "arn": "arn:aws:ec2:us-east-1:619680930396:route-table/rtb-0d640c573205a98c5",
            "id": "rtb-0d640c573205a98c5",
            "owner_id": "619680930396",
            "propagating_vgws": [],
            "route": [
              {
                "carrier_gateway_id": "",
                "cidr_block": "0.0.0.0/0",
                "destination_prefix_list_id": "",
                "egress_only_gateway_id": "",
                "gateway_id": "",
                "instance_id": "",
                "ipv6_cidr_block": "",
                "local_gateway_id": "",
                "nat_gateway_id": "nat-06f927ba167ec78a3",
                "network_interface_id": "",
                "transit_gateway_id": "",
                "vpc_endpoint_id": "",
                "vpc_peering_connection_id": ""
              }
            ],
            "tags": {
              "Name": "Ash-rt-private"
            },
            "tags_all": {
              "Name": "Ash-rt-private"
            },
            "timeouts": null,
            "vpc_id": "vpc-0d84056cb75b7e72f"
          },
          "sensitive_attributes": [],
          "private": "eyJlMmJmYjczMC1lY2FhLTExZTYtOGY4OC0zNDM2M2JjN2M0YzAiOnsiY3JlYXRlIjozMDAwMDAwMDAwMDAsImRlbGV0ZSI6MzAwMDAwMDAwMDAwLCJ1cGRhdGUiOjEyMDAwMDAwMDAwMH19",
          "dependencies": [
            "module.VPC_Module.aws_eip.gw",
            "module.VPC_Module.aws_internet_gateway.igw",
            "module.VPC_Module.aws_nat_gateway.gw",
            "module.VPC_Module.aws_subnet.public",
            "module.VPC_Module.aws_vpc.main"
          ]
        }
      ]
    },
    {
      "module": "module.VPC_Module",
      "mode": "managed",
      "type": "aws_route_table_association",
      "name": "private1",
      "provider": "module.VPC_Module.provider[\"registry.terraform.io/hashicorp/aws\"]",
      "instances": [
        {
          "schema_version": 0,
          "attributes": {
            "gateway_id": "",
            "id": "rtbassoc-0c40a89d0f88b3d87",
            "route_table_id": "rtb-0d640c573205a98c5",
            "subnet_id": "subnet-02ca5aff09a83ff66"
          },
          "sensitive_attributes": [],
          "private": "bnVsbA==",
          "dependencies": [
            "module.VPC_Module.aws_eip.gw",
            "module.VPC_Module.aws_internet_gateway.igw",
            "module.VPC_Module.aws_nat_gateway.gw",
            "module.VPC_Module.aws_route_table.private",
            "module.VPC_Module.aws_subnet.private1",
            "module.VPC_Module.aws_subnet.public",
            "module.VPC_Module.aws_vpc.main"
          ]
        }
      ]
    },
    {
      "module": "module.VPC_Module",
      "mode": "managed",
      "type": "aws_route_table_association",
      "name": "private2",
      "provider": "module.VPC_Module.provider[\"registry.terraform.io/hashicorp/aws\"]",
      "instances": [
        {
          "schema_version": 0,
          "attributes": {
            "gateway_id": "",
            "id": "rtbassoc-0d4ac6e883e28fd98",
            "route_table_id": "rtb-0d640c573205a98c5",
            "subnet_id": "subnet-0490820e59cc0c140"
          },
          "sensitive_attributes": [],
          "private": "bnVsbA==",
          "dependencies": [
            "module.VPC_Module.aws_eip.gw",
            "module.VPC_Module.aws_internet_gateway.igw",
            "module.VPC_Module.aws_nat_gateway.gw",
            "module.VPC_Module.aws_route_table.private",
            "module.VPC_Module.aws_subnet.private2",
            "module.VPC_Module.aws_subnet.public",
            "module.VPC_Module.aws_vpc.main"
          ]
        }
      ]
    },
    {
      "module": "module.VPC_Module",
      "mode": "managed",
      "type": "aws_route_table_association",
      "name": "public",
      "provider": "module.VPC_Module.provider[\"registry.terraform.io/hashicorp/aws\"]",
      "instances": [
        {
          "schema_version": 0,
          "attributes": {
            "gateway_id": "",
            "id": "rtbassoc-074a1537a94f9724d",
            "route_table_id": "rtb-076fd6d01e5f61043",
            "subnet_id": "subnet-01467ac20acd2f0c3"
          },
          "sensitive_attributes": [],
          "private": "bnVsbA==",
          "dependencies": [
            "module.VPC_Module.aws_subnet.public",
            "module.VPC_Module.aws_vpc.main"
          ]
        }
      ]
    },
    {
      "module": "module.VPC_Module",
      "mode": "managed",
      "type": "aws_subnet",
      "name": "private1",
      "provider": "module.VPC_Module.provider[\"registry.terraform.io/hashicorp/aws\"]",
      "instances": [
        {
          "schema_version": 1,
          "attributes": {
            "arn": "arn:aws:ec2:us-east-1:619680930396:subnet/subnet-02ca5aff09a83ff66",
            "assign_ipv6_address_on_creation": false,
            "availability_zone": "us-east-1a",
            "availability_zone_id": "use1-az2",
            "cidr_block": "10.0.1.0/24",
            "customer_owned_ipv4_pool": "",
            "enable_dns64": false,
            "enable_resource_name_dns_a_record_on_launch": false,
            "enable_resource_name_dns_aaaa_record_on_launch": false,
            "id": "subnet-02ca5aff09a83ff66",
            "ipv6_cidr_block": "",
            "ipv6_cidr_block_association_id": "",
            "ipv6_native": false,
            "map_customer_owned_ip_on_launch": false,
            "map_public_ip_on_launch": false,
            "outpost_arn": "",
            "owner_id": "619680930396",
            "private_dns_hostname_type_on_launch": "ip-name",
            "tags": {
              "Name": "Ash-net-private1"
            },
            "tags_all": {
              "Name": "Ash-net-private1"
            },
            "timeouts": null,
            "vpc_id": "vpc-0d84056cb75b7e72f"
          },
          "sensitive_attributes": [],
          "private": "eyJlMmJmYjczMC1lY2FhLTExZTYtOGY4OC0zNDM2M2JjN2M0YzAiOnsiY3JlYXRlIjo2MDAwMDAwMDAwMDAsImRlbGV0ZSI6MTIwMDAwMDAwMDAwMH0sInNjaGVtYV92ZXJzaW9uIjoiMSJ9",
          "dependencies": [
            "module.VPC_Module.aws_vpc.main"
          ]
        }
      ]
    },
    {
      "module": "module.VPC_Module",
      "mode": "managed",
      "type": "aws_subnet",
      "name": "private2",
      "provider": "module.VPC_Module.provider[\"registry.terraform.io/hashicorp/aws\"]",
      "instances": [
        {
          "schema_version": 1,
          "attributes": {
            "arn": "arn:aws:ec2:us-east-1:619680930396:subnet/subnet-0490820e59cc0c140",
            "assign_ipv6_address_on_creation": false,
            "availability_zone": "us-east-1b",
            "availability_zone_id": "use1-az4",
            "cidr_block": "10.0.2.0/24",
            "customer_owned_ipv4_pool": "",
            "enable_dns64": false,
            "enable_resource_name_dns_a_record_on_launch": false,
            "enable_resource_name_dns_aaaa_record_on_launch": false,
            "id": "subnet-0490820e59cc0c140",
            "ipv6_cidr_block": "",
            "ipv6_cidr_block_association_id": "",
            "ipv6_native": false,
            "map_customer_owned_ip_on_launch": false,
            "map_public_ip_on_launch": false,
            "outpost_arn": "",
            "owner_id": "619680930396",
            "private_dns_hostname_type_on_launch": "ip-name",
            "tags": {
              "Name": "Ash-net-private2"
            },
            "tags_all": {
              "Name": "Ash-net-private2"
            },
            "timeouts": null,
            "vpc_id": "vpc-0d84056cb75b7e72f"
          },
          "sensitive_attributes": [],
          "private": "eyJlMmJmYjczMC1lY2FhLTExZTYtOGY4OC0zNDM2M2JjN2M0YzAiOnsiY3JlYXRlIjo2MDAwMDAwMDAwMDAsImRlbGV0ZSI6MTIwMDAwMDAwMDAwMH0sInNjaGVtYV92ZXJzaW9uIjoiMSJ9",
          "dependencies": [
            "module.VPC_Module.aws_vpc.main"
          ]
        }
      ]
    },
    {
      "module": "module.VPC_Module",
      "mode": "managed",
      "type": "aws_subnet",
      "name": "public",
      "provider": "module.VPC_Module.provider[\"registry.terraform.io/hashicorp/aws\"]",
      "instances": [
        {
          "schema_version": 1,
          "attributes": {
            "arn": "arn:aws:ec2:us-east-1:619680930396:subnet/subnet-01467ac20acd2f0c3",
            "assign_ipv6_address_on_creation": false,
            "availability_zone": "us-east-1c",
            "availability_zone_id": "use1-az6",
            "cidr_block": "10.0.3.0/24",
            "customer_owned_ipv4_pool": "",
            "enable_dns64": false,
            "enable_resource_name_dns_a_record_on_launch": false,
            "enable_resource_name_dns_aaaa_record_on_launch": false,
            "id": "subnet-01467ac20acd2f0c3",
            "ipv6_cidr_block": "",
            "ipv6_cidr_block_association_id": "",
            "ipv6_native": false,
            "map_customer_owned_ip_on_launch": false,
            "map_public_ip_on_launch": false,
            "outpost_arn": "",
            "owner_id": "619680930396",
            "private_dns_hostname_type_on_launch": "ip-name",
            "tags": {
              "Name": "Ash-net-public"
            },
            "tags_all": {
              "Name": "Ash-net-public"
            },
            "timeouts": null,
            "vpc_id": "vpc-0d84056cb75b7e72f"
          },
          "sensitive_attributes": [],
          "private": "eyJlMmJmYjczMC1lY2FhLTExZTYtOGY4OC0zNDM2M2JjN2M0YzAiOnsiY3JlYXRlIjo2MDAwMDAwMDAwMDAsImRlbGV0ZSI6MTIwMDAwMDAwMDAwMH0sInNjaGVtYV92ZXJzaW9uIjoiMSJ9",
          "dependencies": [
            "module.VPC_Module.aws_vpc.main"
          ]
        }
      ]
    },
    {
      "module": "module.VPC_Module",
      "mode": "managed",
      "type": "aws_vpc",
      "name": "main",
      "provider": "module.VPC_Module.provider[\"registry.terraform.io/hashicorp/aws\"]",
      "instances": [
        {
          "schema_version": 1,
          "attributes": {
            "arn": "arn:aws:ec2:us-east-1:619680930396:vpc/vpc-0d84056cb75b7e72f",
            "assign_generated_ipv6_cidr_block": false,
            "cidr_block": "10.0.0.0/16",
            "default_network_acl_id": "acl-09ec90636ec2c5aa3",
            "default_route_table_id": "rtb-076fd6d01e5f61043",
            "default_security_group_id": "sg-0b19cb632c10a89a4",
            "dhcp_options_id": "dopt-d2cf9baa",
            "enable_classiclink": false,
            "enable_classiclink_dns_support": false,
            "enable_dns_hostnames": true,
            "enable_dns_support": true,
            "id": "vpc-0d84056cb75b7e72f",
            "instance_tenancy": "default",
            "ipv4_ipam_pool_id": null,
            "ipv4_netmask_length": null,
            "ipv6_association_id": "",
            "ipv6_cidr_block": "",
            "ipv6_cidr_block_network_border_group": "",
            "ipv6_ipam_pool_id": "",
            "ipv6_netmask_length": 0,
            "main_route_table_id": "rtb-076fd6d01e5f61043",
            "owner_id": "619680930396",
            "tags": {
              "Name": "Ash-VPC"
            },
            "tags_all": {
              "Name": "Ash-VPC"
            }
          },
          "sensitive_attributes": [],
          "private": "eyJzY2hlbWFfdmVyc2lvbiI6IjEifQ=="
        }
      ]
    }
  ]
}
